<?xml version="1.0" encoding="UTF-8" standalone="yes" ?>
<CodeBlocks_project_file>
	<FileVersion major="1" minor="6" />
	<Project>
		<Option title="Space Shooter III" />
		<Option pch_mode="2" />
		<Option compiler="gcc" />
		<Build>
			<Target title="Debug">
				<Option output="bin/Debug/Space Shooter III" prefix_auto="1" extension_auto="1" />
				<Option object_output="obj/Debug/" />
				<Option type="1" />
				<Option compiler="gcc" />
				<Compiler>
					<Add option="-std=c++11" />
					<Add option="-g" />
					<Add directory="inc" />
					<Add directory="bin" />
				</Compiler>
				<Linker>
					<Add library="bin/allegro-5.0.10-monolith-md-debug.dll" />
					<Add directory="bin" />
				</Linker>
			</Target>
			<Target title="Release">
				<Option output="bin/Release/Space Shooter III" prefix_auto="1" extension_auto="1" />
				<Option object_output="obj/Release/" />
				<Option type="1" />
				<Option compiler="gcc" />
				<Compiler>
					<Add option="-O2" />
					<Add directory="inc" />
					<Add directory="include" />
				</Compiler>
				<Linker>
					<Add option="-s" />
					<Add library="bin/allegro-5.0.10-monolith-md.dll" />
					<Add library="bin/Box2D.lib" />
					<Add directory="bin" />
				</Linker>
			</Target>
		</Build>
		<Compiler>
			<Add option="-Wnon-virtual-dtor" />
			<Add option="-Wshadow" />
			<Add option="-Winit-self" />
			<Add option="-Wredundant-decls" />
			<Add option="-Wcast-align" />
			<Add option="-Wundef" />
			<Add option="-Wfloat-equal" />
			<Add option="-Winline" />
			<Add option="-Wunreachable-code" />
			<Add option="-Wmissing-declarations" />
			<Add option="-Wmissing-include-dirs" />
			<Add option="-Wswitch-enum" />
			<Add option="-Wswitch-default" />
			<Add option="-Weffc++" />
			<Add option="-Wmain" />
			<Add option="-std=c++11" />
			<Add option="-Wall" />
		</Compiler>
		<Unit filename="inc/Box2D/Box2D.h" />
		<Unit filename="inc/Box2D/Collision/Shapes/b2ChainShape.cpp" />
		<Unit filename="inc/Box2D/Collision/Shapes/b2ChainShape.h" />
		<Unit filename="inc/Box2D/Collision/Shapes/b2CircleShape.cpp" />
		<Unit filename="inc/Box2D/Collision/Shapes/b2CircleShape.h" />
		<Unit filename="inc/Box2D/Collision/Shapes/b2EdgeShape.cpp" />
		<Unit filename="inc/Box2D/Collision/Shapes/b2EdgeShape.h" />
		<Unit filename="inc/Box2D/Collision/Shapes/b2PolygonShape.cpp" />
		<Unit filename="inc/Box2D/Collision/Shapes/b2PolygonShape.h" />
		<Unit filename="inc/Box2D/Collision/Shapes/b2Shape.h" />
		<Unit filename="inc/Box2D/Collision/b2BroadPhase.cpp" />
		<Unit filename="inc/Box2D/Collision/b2BroadPhase.h" />
		<Unit filename="inc/Box2D/Collision/b2CollideCircle.cpp" />
		<Unit filename="inc/Box2D/Collision/b2CollideEdge.cpp" />
		<Unit filename="inc/Box2D/Collision/b2CollidePolygon.cpp" />
		<Unit filename="inc/Box2D/Collision/b2Collision.cpp" />
		<Unit filename="inc/Box2D/Collision/b2Collision.h" />
		<Unit filename="inc/Box2D/Collision/b2Distance.cpp" />
		<Unit filename="inc/Box2D/Collision/b2Distance.h" />
		<Unit filename="inc/Box2D/Collision/b2DynamicTree.cpp" />
		<Unit filename="inc/Box2D/Collision/b2DynamicTree.h" />
		<Unit filename="inc/Box2D/Collision/b2TimeOfImpact.cpp" />
		<Unit filename="inc/Box2D/Collision/b2TimeOfImpact.h" />
		<Unit filename="inc/Box2D/Common/b2BlockAllocator.cpp" />
		<Unit filename="inc/Box2D/Common/b2BlockAllocator.h" />
		<Unit filename="inc/Box2D/Common/b2Draw.cpp" />
		<Unit filename="inc/Box2D/Common/b2Draw.h" />
		<Unit filename="inc/Box2D/Common/b2GrowableStack.h" />
		<Unit filename="inc/Box2D/Common/b2Math.cpp" />
		<Unit filename="inc/Box2D/Common/b2Math.h" />
		<Unit filename="inc/Box2D/Common/b2Settings.cpp" />
		<Unit filename="inc/Box2D/Common/b2Settings.h" />
		<Unit filename="inc/Box2D/Common/b2StackAllocator.cpp" />
		<Unit filename="inc/Box2D/Common/b2StackAllocator.h" />
		<Unit filename="inc/Box2D/Common/b2Timer.cpp" />
		<Unit filename="inc/Box2D/Common/b2Timer.h" />
		<Unit filename="inc/Box2D/Dynamics/Contacts/b2ChainAndCircleContact.cpp" />
		<Unit filename="inc/Box2D/Dynamics/Contacts/b2ChainAndCircleContact.h" />
		<Unit filename="inc/Box2D/Dynamics/Contacts/b2ChainAndPolygonContact.cpp" />
		<Unit filename="inc/Box2D/Dynamics/Contacts/b2ChainAndPolygonContact.h" />
		<Unit filename="inc/Box2D/Dynamics/Contacts/b2CircleContact.cpp" />
		<Unit filename="inc/Box2D/Dynamics/Contacts/b2CircleContact.h" />
		<Unit filename="inc/Box2D/Dynamics/Contacts/b2Contact.cpp" />
		<Unit filename="inc/Box2D/Dynamics/Contacts/b2Contact.h" />
		<Unit filename="inc/Box2D/Dynamics/Contacts/b2ContactSolver.cpp" />
		<Unit filename="inc/Box2D/Dynamics/Contacts/b2ContactSolver.h" />
		<Unit filename="inc/Box2D/Dynamics/Contacts/b2EdgeAndCircleContact.cpp" />
		<Unit filename="inc/Box2D/Dynamics/Contacts/b2EdgeAndCircleContact.h" />
		<Unit filename="inc/Box2D/Dynamics/Contacts/b2EdgeAndPolygonContact.cpp" />
		<Unit filename="inc/Box2D/Dynamics/Contacts/b2EdgeAndPolygonContact.h" />
		<Unit filename="inc/Box2D/Dynamics/Contacts/b2PolygonAndCircleContact.cpp" />
		<Unit filename="inc/Box2D/Dynamics/Contacts/b2PolygonAndCircleContact.h" />
		<Unit filename="inc/Box2D/Dynamics/Contacts/b2PolygonContact.cpp" />
		<Unit filename="inc/Box2D/Dynamics/Contacts/b2PolygonContact.h" />
		<Unit filename="inc/Box2D/Dynamics/Joints/b2DistanceJoint.cpp" />
		<Unit filename="inc/Box2D/Dynamics/Joints/b2DistanceJoint.h" />
		<Unit filename="inc/Box2D/Dynamics/Joints/b2FrictionJoint.cpp" />
		<Unit filename="inc/Box2D/Dynamics/Joints/b2FrictionJoint.h" />
		<Unit filename="inc/Box2D/Dynamics/Joints/b2GearJoint.cpp" />
		<Unit filename="inc/Box2D/Dynamics/Joints/b2GearJoint.h" />
		<Unit filename="inc/Box2D/Dynamics/Joints/b2Joint.cpp" />
		<Unit filename="inc/Box2D/Dynamics/Joints/b2Joint.h" />
		<Unit filename="inc/Box2D/Dynamics/Joints/b2MotorJoint.cpp" />
		<Unit filename="inc/Box2D/Dynamics/Joints/b2MotorJoint.h" />
		<Unit filename="inc/Box2D/Dynamics/Joints/b2MouseJoint.cpp" />
		<Unit filename="inc/Box2D/Dynamics/Joints/b2MouseJoint.h" />
		<Unit filename="inc/Box2D/Dynamics/Joints/b2PrismaticJoint.cpp" />
		<Unit filename="inc/Box2D/Dynamics/Joints/b2PrismaticJoint.h" />
		<Unit filename="inc/Box2D/Dynamics/Joints/b2PulleyJoint.cpp" />
		<Unit filename="inc/Box2D/Dynamics/Joints/b2PulleyJoint.h" />
		<Unit filename="inc/Box2D/Dynamics/Joints/b2RevoluteJoint.cpp" />
		<Unit filename="inc/Box2D/Dynamics/Joints/b2RevoluteJoint.h" />
		<Unit filename="inc/Box2D/Dynamics/Joints/b2RopeJoint.cpp" />
		<Unit filename="inc/Box2D/Dynamics/Joints/b2RopeJoint.h" />
		<Unit filename="inc/Box2D/Dynamics/Joints/b2WeldJoint.cpp" />
		<Unit filename="inc/Box2D/Dynamics/Joints/b2WeldJoint.h" />
		<Unit filename="inc/Box2D/Dynamics/Joints/b2WheelJoint.cpp" />
		<Unit filename="inc/Box2D/Dynamics/Joints/b2WheelJoint.h" />
		<Unit filename="inc/Box2D/Dynamics/b2Body.cpp" />
		<Unit filename="inc/Box2D/Dynamics/b2Body.h" />
		<Unit filename="inc/Box2D/Dynamics/b2ContactManager.cpp" />
		<Unit filename="inc/Box2D/Dynamics/b2ContactManager.h" />
		<Unit filename="inc/Box2D/Dynamics/b2Fixture.cpp" />
		<Unit filename="inc/Box2D/Dynamics/b2Fixture.h" />
		<Unit filename="inc/Box2D/Dynamics/b2Island.cpp" />
		<Unit filename="inc/Box2D/Dynamics/b2Island.h" />
		<Unit filename="inc/Box2D/Dynamics/b2TimeStep.h" />
		<Unit filename="inc/Box2D/Dynamics/b2World.cpp" />
		<Unit filename="inc/Box2D/Dynamics/b2World.h" />
		<Unit filename="inc/Box2D/Dynamics/b2WorldCallbacks.cpp" />
		<Unit filename="inc/Box2D/Dynamics/b2WorldCallbacks.h" />
		<Unit filename="inc/Box2D/Rope/b2Rope.cpp" />
		<Unit filename="inc/Box2D/Rope/b2Rope.h" />
		<Unit filename="inc/gameobjects/gameobject.h" />
		<Unit filename="inc/gameobjects/graphics/sprite.h" />
		<Unit filename="inc/gameobjects/physics/projectile.h" />
		<Unit filename="inc/gameobjects/ui/button.h" />
		<Unit filename="src/gameobjects/graphics/sprite.cpp" />
		<Unit filename="src/gameobjects/physics/projectile.cpp" />
		<Unit filename="src/gameobjects/ui/button.cpp" />
		<Unit filename="src/main.cpp" />
		<Extensions>
			<code_completion />
			<envvars />
			<debugger />
			<lib_finder disable_auto="1" />
		</Extensions>
	</Project>
</CodeBlocks_project_file>
